
Microsoft Visual Studio Solution File, Format Version 12.00
# Visual Studio Version 16
VisualStudioVersion = 16.0.31410.357
MinimumVisualStudioVersion = 10.0.40219.1
Project("{FAE04EC0-301F-11D3-BF4B-00C04F79EFBC}") = "WebApplicationCNPM", "WebApplicationCNPM\WebApplicationCNPM.csproj", "{57F43E5B-66F0-4633-8B46-7B4E2D679B7F}"
EndProject
Global
	GlobalSection(SolutionConfigurationPlatforms) = preSolution
		Debug|Any CPU = Debug|Any CPU
		Release|Any CPU = Release|Any CPU
	EndGlobalSection
	GlobalSection(ProjectConfigurationPlatforms) = postSolution
		{57F43E5B-66F0-4633-8B46-7B4E2D679B7F}.Debug|Any CPU.ActiveCfg = Debug|Any CPU
		{57F43E5B-66F0-4633-8B46-7B4E2D679B7F}.Debug|Any CPU.Build.0 = Debug|Any CPU
		{57F43E5B-66F0-4633-8B46-7B4E2D679B7F}.Release|Any CPU.ActiveCfg = Release|Any CPU
		{57F43E5B-66F0-4633-8B46-7B4E2D679B7F}.Release|Any CPU.Build.0 = Release|Any CPU
	EndGlobalSection
	GlobalSection(SolutionProperties) = preSolution
		HideSolutionNode = FALSE
	EndGlobalSection
	GlobalSection(ExtensibilityGlobals) = postSolution
		SolutionGuid = {984C4D5B-CE26-44B7-952A-2AFD6B1EAD28}
	EndGlobalSection
EndGlobal
